
Microsoft Visual Studio Solution File, Format Version 12.00
# Visual Studio Version 16
VisualStudioVersion = 16.0.31025.194
MinimumVisualStudioVersion = 10.0.40219.1
Project("{FAE04EC0-301F-11D3-BF4B-00C04F79EFBC}") = "IQC_S1", "IQC_S1\IQC_S1.csproj", "{FF29397A-1242-46D4-9BF4-D8B81E62D727}"
EndProject
Global
	GlobalSection(SolutionConfigurationPlatforms) = preSolution
		Debug|Any CPU = Debug|Any CPU
		Release|Any CPU = Release|Any CPU
	EndGlobalSection
	GlobalSection(ProjectConfigurationPlatforms) = postSolution
		{FF29397A-1242-46D4-9BF4-D8B81E62D727}.Debug|Any CPU.ActiveCfg = Debug|Any CPU
		{FF29397A-1242-46D4-9BF4-D8B81E62D727}.Debug|Any CPU.Build.0 = Debug|Any CPU
		{FF29397A-1242-46D4-9BF4-D8B81E62D727}.Release|Any CPU.ActiveCfg = Release|Any CPU
		{FF29397A-1242-46D4-9BF4-D8B81E62D727}.Release|Any CPU.Build.0 = Release|Any CPU
	EndGlobalSection
	GlobalSection(SolutionProperties) = preSolution
		HideSolutionNode = FALSE
	EndGlobalSection
	GlobalSection(ExtensibilityGlobals) = postSolution
		SolutionGuid = {831E1D2D-64E4-4C94-98F5-57B17CCA1521}
	EndGlobalSection
EndGlobal
