
Microsoft Visual Studio Solution File, Format Version 12.00
# Visual Studio Version 16
VisualStudioVersion = 16.0.31025.194
MinimumVisualStudioVersion = 10.0.40219.1
Project("{FAE04EC0-301F-11D3-BF4B-00C04F79EFBC}") = "FA_S1", "FA_S1\FA_S1.csproj", "{B7167B05-3794-42D4-8613-74547195BE07}"
EndProject
Global
	GlobalSection(SolutionConfigurationPlatforms) = preSolution
		Debug|Any CPU = Debug|Any CPU
		Release|Any CPU = Release|Any CPU
	EndGlobalSection
	GlobalSection(ProjectConfigurationPlatforms) = postSolution
		{B7167B05-3794-42D4-8613-74547195BE07}.Debug|Any CPU.ActiveCfg = Debug|Any CPU
		{B7167B05-3794-42D4-8613-74547195BE07}.Debug|Any CPU.Build.0 = Debug|Any CPU
		{B7167B05-3794-42D4-8613-74547195BE07}.Release|Any CPU.ActiveCfg = Release|Any CPU
		{B7167B05-3794-42D4-8613-74547195BE07}.Release|Any CPU.Build.0 = Release|Any CPU
	EndGlobalSection
	GlobalSection(SolutionProperties) = preSolution
		HideSolutionNode = FALSE
	EndGlobalSection
	GlobalSection(ExtensibilityGlobals) = postSolution
		SolutionGuid = {41F0E38A-DED8-435C-9F10-4FFC6FF38C9B}
	EndGlobalSection
EndGlobal
